# This file is automatically @generated by Cargo.
# It is not intended for manual editing.
version = 3

[[package]]
name = "cfg-if"
version = "0.1.10"
source = "registry+https://github.com/rust-lang/crates.io-index"
checksum = "4785bdd1c96b2a846b2bd7cc02e86b6b3dbf14e7e53446c4f54c92a361040822"

[[package]]
name = "libm"
version = "0.1.4"
source = "registry+https://github.com/rust-lang/crates.io-index"
checksum = "7fc7aa29613bd6a620df431842069224d8bc9011086b1db4c0e0cd47fa03ec9a"

[[package]]
name = "packed_simd_2"
version = "0.3.5"
source = "registry+https://github.com/rust-lang/crates.io-index"
checksum = "0e64858a2d3733fdd61adfdd6da89aa202f7ff0e741d2fc7ed1e452ba9dc99d7"
dependencies = [
 "cfg-if",
 "libm",
]

[[package]]
name = "single-upset-event-detector"
version = "0.1.0"
dependencies = [
 "packed_simd_2",
]
